// !$*UTF8*$!
{
	archiveVersion = 1;
	classes = {
	};
	objectVersion = 46;
	objects = {

/* Begin PBXBuildFile section */
		915FE47A199E7B0A0061BF75 /* ED.jpeg in Resources */ = {isa = PBXBuildFile; fileRef = 915FE479199E7B0A0061BF75 /* ED.jpeg */; };
		915FE47F199E7B180061BF75 /* Jon.png in Resources */ = {isa = PBXBuildFile; fileRef = 915FE47B199E7B180061BF75 /* Jon.png */; };
		915FE480199E7B180061BF75 /* Jisha.png in Resources */ = {isa = PBXBuildFile; fileRef = 915FE47C199E7B180061BF75 /* Jisha.png */; };
		915FE481199E7B180061BF75 /* Austen.png in Resources */ = {isa = PBXBuildFile; fileRef = 915FE47D199E7B180061BF75 /* Austen.png */; };
		915FE482199E7B180061BF75 /* Heidi.png in Resources */ = {isa = PBXBuildFile; fileRef = 915FE47E199E7B180061BF75 /* Heidi.png */; };
		915FE486199E7B250061BF75 /* Austin.jpeg in Resources */ = {isa = PBXBuildFile; fileRef = 915FE483199E7B250061BF75 /* Austin.jpeg */; };
		915FE487199E7B250061BF75 /* TJ.png in Resources */ = {isa = PBXBuildFile; fileRef = 915FE484199E7B250061BF75 /* TJ.png */; };
		915FE488199E7B250061BF75 /* Derek.png in Resources */ = {isa = PBXBuildFile; fileRef = 915FE485199E7B250061BF75 /* Derek.png */; };
		915FE48E199E7B2F0061BF75 /* John.png in Resources */ = {isa = PBXBuildFile; fileRef = 915FE489199E7B2F0061BF75 /* John.png */; };
		915FE48F199E7B2F0061BF75 /* Savitha.png in Resources */ = {isa = PBXBuildFile; fileRef = 915FE48A199E7B2F0061BF75 /* Savitha.png */; };
		915FE490199E7B2F0061BF75 /* Ashby.png in Resources */ = {isa = PBXBuildFile; fileRef = 915FE48B199E7B2F0061BF75 /* Ashby.png */; };
		915FE491199E7B2F0061BF75 /* Jeffery.png in Resources */ = {isa = PBXBuildFile; fileRef = 915FE48C199E7B2F0061BF75 /* Jeffery.png */; };
		915FE492199E7B2F0061BF75 /* Ali.png in Resources */ = {isa = PBXBuildFile; fileRef = 915FE48D199E7B2F0061BF75 /* Ali.png */; };
		915FE494199E7E710061BF75 /* AH.png in Resources */ = {isa = PBXBuildFile; fileRef = 915FE493199E7E710061BF75 /* AH.png */; };
		915FE496199E7F030061BF75 /* AJ.png in Resources */ = {isa = PBXBuildFile; fileRef = 915FE495199E7F030061BF75 /* AJ.png */; };
		915FE498199E82220061BF75 /* AT.png in Resources */ = {isa = PBXBuildFile; fileRef = 915FE497199E82220061BF75 /* AT.png */; };
		915FE49A199E82A60061BF75 /* ED.png in Resources */ = {isa = PBXBuildFile; fileRef = 915FE499199E82A60061BF75 /* ED.png */; };
		915FE49C199E82FC0061BF75 /* JM.png in Resources */ = {isa = PBXBuildFile; fileRef = 915FE49B199E82FC0061BF75 /* JM.png */; };
		915FE49E199E83420061BF75 /* JO.png in Resources */ = {isa = PBXBuildFile; fileRef = 915FE49D199E83420061BF75 /* JO.png */; };
		915FE4A0199E83930061BF75 /* JY.png in Resources */ = {isa = PBXBuildFile; fileRef = 915FE49F199E83930061BF75 /* JY.png */; };
		915FE4A2199E83D00061BF75 /* JF.png in Resources */ = {isa = PBXBuildFile; fileRef = 915FE4A1199E83D00061BF75 /* JF.png */; };
		915FE4A4199E84140061BF75 /* SR.png in Resources */ = {isa = PBXBuildFile; fileRef = 915FE4A3199E84140061BF75 /* SR.png */; };
		915FE4A6199E84AE0061BF75 /* TJM.png in Resources */ = {isa = PBXBuildFile; fileRef = 915FE4A5199E84AE0061BF75 /* TJM.png */; };
		915FE4A9199EDD0F0061BF75 /* StoreKit.framework in Frameworks */ = {isa = PBXBuildFile; fileRef = 915FE4A8199EDD0F0061BF75 /* StoreKit.framework */; };
		9192FA5B1963BFBA00A01232 /* Foundation.framework in Frameworks */ = {isa = PBXBuildFile; fileRef = 9192FA5A1963BFBA00A01232 /* Foundation.framework */; };
		9192FA5D1963BFBA00A01232 /* CoreGraphics.framework in Frameworks */ = {isa = PBXBuildFile; fileRef = 9192FA5C1963BFBA00A01232 /* CoreGraphics.framework */; };
		9192FA5F1963BFBA00A01232 /* UIKit.framework in Frameworks */ = {isa = PBXBuildFile; fileRef = 9192FA5E1963BFBA00A01232 /* UIKit.framework */; };
		9192FA651963BFBA00A01232 /* InfoPlist.strings in Resources */ = {isa = PBXBuildFile; fileRef = 9192FA631963BFBA00A01232 /* InfoPlist.strings */; };
		9192FA671963BFBA00A01232 /* main.m in Sources */ = {isa = PBXBuildFile; fileRef = 9192FA661963BFBA00A01232 /* main.m */; };
		9192FA6B1963BFBA00A01232 /* MMRAppDelegate.m in Sources */ = {isa = PBXBuildFile; fileRef = 9192FA6A1963BFBA00A01232 /* MMRAppDelegate.m */; };
		9192FA6D1963BFBA00A01232 /* Images.xcassets in Resources */ = {isa = PBXBuildFile; fileRef = 9192FA6C1963BFBA00A01232 /* Images.xcassets */; };
		9192FA741963BFBA00A01232 /* XCTest.framework in Frameworks */ = {isa = PBXBuildFile; fileRef = 9192FA731963BFBA00A01232 /* XCTest.framework */; };
		9192FA751963BFBA00A01232 /* Foundation.framework in Frameworks */ = {isa = PBXBuildFile; fileRef = 9192FA5A1963BFBA00A01232 /* Foundation.framework */; };
		9192FA761963BFBA00A01232 /* UIKit.framework in Frameworks */ = {isa = PBXBuildFile; fileRef = 9192FA5E1963BFBA00A01232 /* UIKit.framework */; };
		9192FA7E1963BFBA00A01232 /* InfoPlist.strings in Resources */ = {isa = PBXBuildFile; fileRef = 9192FA7C1963BFBA00A01232 /* InfoPlist.strings */; };
		9192FA801963BFBA00A01232 /* MemoriesTests.m in Sources */ = {isa = PBXBuildFile; fileRef = 9192FA7F1963BFBA00A01232 /* MemoriesTests.m */; };
		9192FA8B1963BFE300A01232 /* MMRChildViewController.m in Sources */ = {isa = PBXBuildFile; fileRef = 9192FA8A1963BFE300A01232 /* MMRChildViewController.m */; };
		9192FAD7196510A200A01232 /* MMRViewController.m in Sources */ = {isa = PBXBuildFile; fileRef = 9192FAD6196510A200A01232 /* MMRViewController.m */; };
		919FA5D019A5107C008EE67E /* menu.png in Resources */ = {isa = PBXBuildFile; fileRef = 919FA5CF19A5107C008EE67E /* menu.png */; };
		91A315C5196AE4530087376B /* images.jpeg in Resources */ = {isa = PBXBuildFile; fileRef = 91A315C4196AE4530087376B /* images.jpeg */; };
		91A315C7196AE4630087376B /* apple-128.png in Resources */ = {isa = PBXBuildFile; fileRef = 91A315C6196AE4630087376B /* apple-128.png */; };
		91A315C9196AE6590087376B /* images-1.jpeg in Resources */ = {isa = PBXBuildFile; fileRef = 91A315C8196AE6590087376B /* images-1.jpeg */; };
		91A315CB196AE65E0087376B /* images-2.jpeg in Resources */ = {isa = PBXBuildFile; fileRef = 91A315CA196AE65E0087376B /* images-2.jpeg */; };
		91A315CD196AE6690087376B /* images-3.jpeg in Resources */ = {isa = PBXBuildFile; fileRef = 91A315CC196AE6690087376B /* images-3.jpeg */; };
		91A315CF196AE6730087376B /* Unknown-4.jpeg in Resources */ = {isa = PBXBuildFile; fileRef = 91A315CE196AE6730087376B /* Unknown-4.jpeg */; };
		91A315D1196AE67C0087376B /* Unknown-2.jpeg in Resources */ = {isa = PBXBuildFile; fileRef = 91A315D0196AE67C0087376B /* Unknown-2.jpeg */; };
		91A315D3196AE6860087376B /* Unknown-1.jpeg in Resources */ = {isa = PBXBuildFile; fileRef = 91A315D2196AE6860087376B /* Unknown-1.jpeg */; };
		91A315D5196AE68D0087376B /* Unknown.jpeg in Resources */ = {isa = PBXBuildFile; fileRef = 91A315D4196AE68D0087376B /* Unknown.jpeg */; };
		91A315D7196AE6980087376B /* images-4.jpeg in Resources */ = {isa = PBXBuildFile; fileRef = 91A315D6196AE6980087376B /* images-4.jpeg */; };
		91A315D9196AE69E0087376B /* images-5.jpeg in Resources */ = {isa = PBXBuildFile; fileRef = 91A315D8196AE69E0087376B /* images-5.jpeg */; };
		91A315DB196AE6AB0087376B /* Unknown-6.jpeg in Resources */ = {isa = PBXBuildFile; fileRef = 91A315DA196AE6AB0087376B /* Unknown-6.jpeg */; };
		91A315DD196AE6B20087376B /* Unknown-7.jpeg in Resources */ = {isa = PBXBuildFile; fileRef = 91A315DC196AE6B20087376B /* Unknown-7.jpeg */; };
		91A315DF196AE6B90087376B /* Unknown-5.jpeg in Resources */ = {isa = PBXBuildFile; fileRef = 91A315DE196AE6B90087376B /* Unknown-5.jpeg */; };
		91A315E1196AE6C00087376B /* Unknown-3.jpeg in Resources */ = {isa = PBXBuildFile; fileRef = 91A315E0196AE6C00087376B /* Unknown-3.jpeg */; };
		91A315E5196B037B0087376B /* MMRCell.m in Sources */ = {isa = PBXBuildFile; fileRef = 91A315E4196B037B0087376B /* MMRCell.m */; };
		91A315E8196B164C0087376B /* MMRDecoration.m in Sources */ = {isa = PBXBuildFile; fileRef = 91A315E7196B164C0087376B /* MMRDecoration.m */; };
		91B6D2C81999C9C200921C7A /* STASingleton.m in Sources */ = {isa = PBXBuildFile; fileRef = 91B6D2C71999C9C200921C7A /* STASingleton.m */; };
		91BB986B19A424D00072139E /* MMR.m in Sources */ = {isa = PBXBuildFile; fileRef = 91BB986A19A424D00072139E /* MMR.m */; };
		91BB986E19A440F40072139E /* MMRFrontVC.m in Sources */ = {isa = PBXBuildFile; fileRef = 91BB986D19A440F40072139E /* MMRFrontVC.m */; };
		91BB987119A441100072139E /* MMRBackVC.m in Sources */ = {isa = PBXBuildFile; fileRef = 91BB987019A441100072139E /* MMRBackVC.m */; };
		91BB987319A44C620072139E /* arrowr.png in Resources */ = {isa = PBXBuildFile; fileRef = 91BB987219A44C620072139E /* arrowr.png */; };
		91BB987519A44C670072139E /* arrowl.png in Resources */ = {isa = PBXBuildFile; fileRef = 91BB987419A44C670072139E /* arrowl.png */; };
		91BB987719A457A30072139E /* backArrow.png in Resources */ = {isa = PBXBuildFile; fileRef = 91BB987619A457A30072139E /* backArrow.png */; };
		91BB987919A457C20072139E /* arrow.png in Resources */ = {isa = PBXBuildFile; fileRef = 91BB987819A457C20072139E /* arrow.png */; };
		91C9F9B61967898C00B62C5B /* MMRViewControllerVC.m in Sources */ = {isa = PBXBuildFile; fileRef = 91C9F9B51967898C00B62C5B /* MMRViewControllerVC.m */; };
		91C9F9B81967B46F00B62C5B /* background.jpg in Resources */ = {isa = PBXBuildFile; fileRef = 91C9F9B71967B46F00B62C5B /* background.jpg */; };
/* End PBXBuildFile section */

/* Begin PBXContainerItemProxy section */
		9192FA771963BFBA00A01232 /* PBXContainerItemProxy */ = {
			isa = PBXContainerItemProxy;
			containerPortal = 9192FA4F1963BFBA00A01232 /* Project object */;
			proxyType = 1;
			remoteGlobalIDString = 9192FA561963BFBA00A01232;
			remoteInfo = Memories;
		};
/* End PBXContainerItemProxy section */

/* Begin PBXFileReference section */
		915FE479199E7B0A0061BF75 /* ED.jpeg */ = {isa = PBXFileReference; lastKnownFileType = image.jpeg; path = ED.jpeg; sourceTree = "<group>"; };
		915FE47B199E7B180061BF75 /* Jon.png */ = {isa = PBXFileReference; lastKnownFileType = image.png; path = Jon.png; sourceTree = "<group>"; };
		915FE47C199E7B180061BF75 /* Jisha.png */ = {isa = PBXFileReference; lastKnownFileType = image.png; path = Jisha.png; sourceTree = "<group>"; };
		915FE47D199E7B180061BF75 /* Austen.png */ = {isa = PBXFileReference; lastKnownFileType = image.png; path = Austen.png; sourceTree = "<group>"; };
		915FE47E199E7B180061BF75 /* Heidi.png */ = {isa = PBXFileReference; lastKnownFileType = image.png; path = Heidi.png; sourceTree = "<group>"; };
		915FE483199E7B250061BF75 /* Austin.jpeg */ = {isa = PBXFileReference; lastKnownFileType = image.jpeg; path = Austin.jpeg; sourceTree = "<group>"; };
		915FE484199E7B250061BF75 /* TJ.png */ = {isa = PBXFileReference; lastKnownFileType = image.png; path = TJ.png; sourceTree = "<group>"; };
		915FE485199E7B250061BF75 /* Derek.png */ = {isa = PBXFileReference; lastKnownFileType = image.png; path = Derek.png; sourceTree = "<group>"; };
		915FE489199E7B2F0061BF75 /* John.png */ = {isa = PBXFileReference; lastKnownFileType = image.png; path = John.png; sourceTree = "<group>"; };
		915FE48A199E7B2F0061BF75 /* Savitha.png */ = {isa = PBXFileReference; lastKnownFileType = image.png; path = Savitha.png; sourceTree = "<group>"; };
		915FE48B199E7B2F0061BF75 /* Ashby.png */ = {isa = PBXFileReference; lastKnownFileType = image.png; path = Ashby.png; sourceTree = "<group>"; };
		915FE48C199E7B2F0061BF75 /* Jeffery.png */ = {isa = PBXFileReference; lastKnownFileType = image.png; path = Jeffery.png; sourceTree = "<group>"; };
		915FE48D199E7B2F0061BF75 /* Ali.png */ = {isa = PBXFileReference; lastKnownFileType = image.png; path = Ali.png; sourceTree = "<group>"; };
		915FE493199E7E710061BF75 /* AH.png */ = {isa = PBXFileReference; lastKnownFileType = image.png; path = AH.png; sourceTree = "<group>"; };
		915FE495199E7F030061BF75 /* AJ.png */ = {isa = PBXFileReference; lastKnownFileType = image.png; path = AJ.png; sourceTree = "<group>"; };
		915FE497199E82220061BF75 /* AT.png */ = {isa = PBXFileReference; lastKnownFileType = image.png; path = AT.png; sourceTree = "<group>"; };
		915FE499199E82A60061BF75 /* ED.png */ = {isa = PBXFileReference; lastKnownFileType = image.png; path = ED.png; sourceTree = "<group>"; };
		915FE49B199E82FC0061BF75 /* JM.png */ = {isa = PBXFileReference; lastKnownFileType = image.png; path = JM.png; sourceTree = "<group>"; };
		915FE49D199E83420061BF75 /* JO.png */ = {isa = PBXFileReference; lastKnownFileType = image.png; path = JO.png; sourceTree = "<group>"; };
		915FE49F199E83930061BF75 /* JY.png */ = {isa = PBXFileReference; lastKnownFileType = image.png; path = JY.png; sourceTree = "<group>"; };
		915FE4A1199E83D00061BF75 /* JF.png */ = {isa = PBXFileReference; lastKnownFileType = image.png; path = JF.png; sourceTree = "<group>"; };
		915FE4A3199E84140061BF75 /* SR.png */ = {isa = PBXFileReference; lastKnownFileType = image.png; path = SR.png; sourceTree = "<group>"; };
		915FE4A5199E84AE0061BF75 /* TJM.png */ = {isa = PBXFileReference; lastKnownFileType = image.png; path = TJM.png; sourceTree = "<group>"; };
		915FE4A8199EDD0F0061BF75 /* StoreKit.framework */ = {isa = PBXFileReference; lastKnownFileType = wrapper.framework; name = StoreKit.framework; path = System/Library/Frameworks/StoreKit.framework; sourceTree = SDKROOT; };
		9192FA571963BFBA00A01232 /* Memories.app */ = {isa = PBXFileReference; explicitFileType = wrapper.application; includeInIndex = 0; path = Memories.app; sourceTree = BUILT_PRODUCTS_DIR; };
		9192FA5A1963BFBA00A01232 /* Foundation.framework */ = {isa = PBXFileReference; lastKnownFileType = wrapper.framework; name = Foundation.framework; path = System/Library/Frameworks/Foundation.framework; sourceTree = SDKROOT; };
		9192FA5C1963BFBA00A01232 /* CoreGraphics.framework */ = {isa = PBXFileReference; lastKnownFileType = wrapper.framework; name = CoreGraphics.framework; path = System/Library/Frameworks/CoreGraphics.framework; sourceTree = SDKROOT; };
		9192FA5E1963BFBA00A01232 /* UIKit.framework */ = {isa = PBXFileReference; lastKnownFileType = wrapper.framework; name = UIKit.framework; path = System/Library/Frameworks/UIKit.framework; sourceTree = SDKROOT; };
		9192FA621963BFBA00A01232 /* Memories-Info.plist */ = {isa = PBXFileReference; lastKnownFileType = text.plist.xml; path = "Memories-Info.plist"; sourceTree = "<group>"; };
		9192FA641963BFBA00A01232 /* en */ = {isa = PBXFileReference; lastKnownFileType = text.plist.strings; name = en; path = en.lproj/InfoPlist.strings; sourceTree = "<group>"; };
		9192FA661963BFBA00A01232 /* main.m */ = {isa = PBXFileReference; lastKnownFileType = sourcecode.c.objc; path = main.m; sourceTree = "<group>"; };
		9192FA681963BFBA00A01232 /* Memories-Prefix.pch */ = {isa = PBXFileReference; lastKnownFileType = sourcecode.c.h; path = "Memories-Prefix.pch"; sourceTree = "<group>"; };
		9192FA691963BFBA00A01232 /* MMRAppDelegate.h */ = {isa = PBXFileReference; lastKnownFileType = sourcecode.c.h; path = MMRAppDelegate.h; sourceTree = "<group>"; };
		9192FA6A1963BFBA00A01232 /* MMRAppDelegate.m */ = {isa = PBXFileReference; lastKnownFileType = sourcecode.c.objc; path = MMRAppDelegate.m; sourceTree = "<group>"; };
		9192FA6C1963BFBA00A01232 /* Images.xcassets */ = {isa = PBXFileReference; lastKnownFileType = folder.assetcatalog; path = Images.xcassets; sourceTree = "<group>"; };
		9192FA721963BFBA00A01232 /* MemoriesTests.xctest */ = {isa = PBXFileReference; explicitFileType = wrapper.cfbundle; includeInIndex = 0; path = MemoriesTests.xctest; sourceTree = BUILT_PRODUCTS_DIR; };
		9192FA731963BFBA00A01232 /* XCTest.framework */ = {isa = PBXFileReference; lastKnownFileType = wrapper.framework; name = XCTest.framework; path = Library/Frameworks/XCTest.framework; sourceTree = DEVELOPER_DIR; };
		9192FA7B1963BFBA00A01232 /* MemoriesTests-Info.plist */ = {isa = PBXFileReference; lastKnownFileType = text.plist.xml; path = "MemoriesTests-Info.plist"; sourceTree = "<group>"; };
		9192FA7D1963BFBA00A01232 /* en */ = {isa = PBXFileReference; lastKnownFileType = text.plist.strings; name = en; path = en.lproj/InfoPlist.strings; sourceTree = "<group>"; };
		9192FA7F1963BFBA00A01232 /* MemoriesTests.m */ = {isa = PBXFileReference; lastKnownFileType = sourcecode.c.objc; path = MemoriesTests.m; sourceTree = "<group>"; };
		9192FA891963BFE300A01232 /* MMRChildViewController.h */ = {isa = PBXFileReference; fileEncoding = 4; lastKnownFileType = sourcecode.c.h; path = MMRChildViewController.h; sourceTree = "<group>"; };
		9192FA8A1963BFE300A01232 /* MMRChildViewController.m */ = {isa = PBXFileReference; fileEncoding = 4; lastKnownFileType = sourcecode.c.objc; path = MMRChildViewController.m; sourceTree = "<group>"; };
		9192FAD5196510A200A01232 /* MMRViewController.h */ = {isa = PBXFileReference; fileEncoding = 4; lastKnownFileType = sourcecode.c.h; path = MMRViewController.h; sourceTree = "<group>"; };
		9192FAD6196510A200A01232 /* MMRViewController.m */ = {isa = PBXFileReference; fileEncoding = 4; lastKnownFileType = sourcecode.c.objc; path = MMRViewController.m; sourceTree = "<group>"; };
		919FA5CF19A5107C008EE67E /* menu.png */ = {isa = PBXFileReference; lastKnownFileType = image.png; path = menu.png; sourceTree = "<group>"; };
		91A315C4196AE4530087376B /* images.jpeg */ = {isa = PBXFileReference; lastKnownFileType = image.jpeg; path = images.jpeg; sourceTree = "<group>"; };
		91A315C6196AE4630087376B /* apple-128.png */ = {isa = PBXFileReference; lastKnownFileType = image.png; path = "apple-128.png"; sourceTree = "<group>"; };
		91A315C8196AE6590087376B /* images-1.jpeg */ = {isa = PBXFileReference; lastKnownFileType = image.jpeg; path = "images-1.jpeg"; sourceTree = "<group>"; };
		91A315CA196AE65E0087376B /* images-2.jpeg */ = {isa = PBXFileReference; lastKnownFileType = image.jpeg; path = "images-2.jpeg"; sourceTree = "<group>"; };
		91A315CC196AE6690087376B /* images-3.jpeg */ = {isa = PBXFileReference; lastKnownFileType = image.jpeg; path = "images-3.jpeg"; sourceTree = "<group>"; };
		91A315CE196AE6730087376B /* Unknown-4.jpeg */ = {isa = PBXFileReference; lastKnownFileType = image.jpeg; path = "Unknown-4.jpeg"; sourceTree = "<group>"; };
		91A315D0196AE67C0087376B /* Unknown-2.jpeg */ = {isa = PBXFileReference; lastKnownFileType = image.jpeg; path = "Unknown-2.jpeg"; sourceTree = "<group>"; };
		91A315D2196AE6860087376B /* Unknown-1.jpeg */ = {isa = PBXFileReference; lastKnownFileType = image.jpeg; path = "Unknown-1.jpeg"; sourceTree = "<group>"; };
		91A315D4196AE68D0087376B /* Unknown.jpeg */ = {isa = PBXFileReference; lastKnownFileType = image.jpeg; path = Unknown.jpeg; sourceTree = "<group>"; };
		91A315D6196AE6980087376B /* images-4.jpeg */ = {isa = PBXFileReference; lastKnownFileType = image.jpeg; path = "images-4.jpeg"; sourceTree = "<group>"; };
		91A315D8196AE69E0087376B /* images-5.jpeg */ = {isa = PBXFileReference; lastKnownFileType = image.jpeg; path = "images-5.jpeg"; sourceTree = "<group>"; };
		91A315DA196AE6AB0087376B /* Unknown-6.jpeg */ = {isa = PBXFileReference; lastKnownFileType = image.jpeg; path = "Unknown-6.jpeg"; sourceTree = "<group>"; };
		91A315DC196AE6B20087376B /* Unknown-7.jpeg */ = {isa = PBXFileReference; lastKnownFileType = image.jpeg; path = "Unknown-7.jpeg"; sourceTree = "<group>"; };
		91A315DE196AE6B90087376B /* Unknown-5.jpeg */ = {isa = PBXFileReference; lastKnownFileType = image.jpeg; path = "Unknown-5.jpeg"; sourceTree = "<group>"; };
		91A315E0196AE6C00087376B /* Unknown-3.jpeg */ = {isa = PBXFileReference; lastKnownFileType = image.jpeg; path = "Unknown-3.jpeg"; sourceTree = "<group>"; };
		91A315E3196B037B0087376B /* MMRCell.h */ = {isa = PBXFileReference; fileEncoding = 4; lastKnownFileType = sourcecode.c.h; path = MMRCell.h; sourceTree = "<group>"; };
		91A315E4196B037B0087376B /* MMRCell.m */ = {isa = PBXFileReference; fileEncoding = 4; lastKnownFileType = sourcecode.c.objc; path = MMRCell.m; sourceTree = "<group>"; };
		91A315E6196B164C0087376B /* MMRDecoration.h */ = {isa = PBXFileReference; fileEncoding = 4; lastKnownFileType = sourcecode.c.h; path = MMRDecoration.h; sourceTree = "<group>"; };
		91A315E7196B164C0087376B /* MMRDecoration.m */ = {isa = PBXFileReference; fileEncoding = 4; lastKnownFileType = sourcecode.c.objc; path = MMRDecoration.m; sourceTree = "<group>"; };
		91B6D2C61999C9B800921C7A /* STASingleton.h */ = {isa = PBXFileReference; lastKnownFileType = sourcecode.c.h; path = STASingleton.h; sourceTree = "<group>"; };
		91B6D2C71999C9C200921C7A /* STASingleton.m */ = {isa = PBXFileReference; fileEncoding = 4; lastKnownFileType = sourcecode.c.objc; path = STASingleton.m; sourceTree = "<group>"; };
		91BB986919A424D00072139E /* MMR.h */ = {isa = PBXFileReference; fileEncoding = 4; lastKnownFileType = sourcecode.c.h; path = MMR.h; sourceTree = "<group>"; };
		91BB986A19A424D00072139E /* MMR.m */ = {isa = PBXFileReference; fileEncoding = 4; lastKnownFileType = sourcecode.c.objc; path = MMR.m; sourceTree = "<group>"; };
		91BB986C19A440F40072139E /* MMRFrontVC.h */ = {isa = PBXFileReference; fileEncoding = 4; lastKnownFileType = sourcecode.c.h; path = MMRFrontVC.h; sourceTree = "<group>"; };
		91BB986D19A440F40072139E /* MMRFrontVC.m */ = {isa = PBXFileReference; fileEncoding = 4; lastKnownFileType = sourcecode.c.objc; path = MMRFrontVC.m; sourceTree = "<group>"; };
		91BB986F19A441100072139E /* MMRBackVC.h */ = {isa = PBXFileReference; fileEncoding = 4; lastKnownFileType = sourcecode.c.h; path = MMRBackVC.h; sourceTree = "<group>"; };
		91BB987019A441100072139E /* MMRBackVC.m */ = {isa = PBXFileReference; fileEncoding = 4; lastKnownFileType = sourcecode.c.objc; path = MMRBackVC.m; sourceTree = "<group>"; };
		91BB987219A44C620072139E /* arrowr.png */ = {isa = PBXFileReference; lastKnownFileType = image.png; path = arrowr.png; sourceTree = "<group>"; };
		91BB987419A44C670072139E /* arrowl.png */ = {isa = PBXFileReference; lastKnownFileType = image.png; path = arrowl.png; sourceTree = "<group>"; };
		91BB987619A457A30072139E /* backArrow.png */ = {isa = PBXFileReference; lastKnownFileType = image.png; path = backArrow.png; sourceTree = "<group>"; };
		91BB987819A457C20072139E /* arrow.png */ = {isa = PBXFileReference; lastKnownFileType = image.png; path = arrow.png; sourceTree = "<group>"; };
		91C9F9B41967898C00B62C5B /* MMRViewControllerVC.h */ = {isa = PBXFileReference; fileEncoding = 4; lastKnownFileType = sourcecode.c.h; path = MMRViewControllerVC.h; sourceTree = "<group>"; };
		91C9F9B51967898C00B62C5B /* MMRViewControllerVC.m */ = {isa = PBXFileReference; fileEncoding = 4; lastKnownFileType = sourcecode.c.objc; path = MMRViewControllerVC.m; sourceTree = "<group>"; };
		91C9F9B71967B46F00B62C5B /* background.jpg */ = {isa = PBXFileReference; lastKnownFileType = image.jpeg; path = background.jpg; sourceTree = "<group>"; };
/* End PBXFileReference section */

/* Begin PBXFrameworksBuildPhase section */
		9192FA541963BFBA00A01232 /* Frameworks */ = {
			isa = PBXFrameworksBuildPhase;
			buildActionMask = 2147483647;
			files = (
				915FE4A9199EDD0F0061BF75 /* StoreKit.framework in Frameworks */,
				9192FA5D1963BFBA00A01232 /* CoreGraphics.framework in Frameworks */,
				9192FA5F1963BFBA00A01232 /* UIKit.framework in Frameworks */,
				9192FA5B1963BFBA00A01232 /* Foundation.framework in Frameworks */,
			);
			runOnlyForDeploymentPostprocessing = 0;
		};
		9192FA6F1963BFBA00A01232 /* Frameworks */ = {
			isa = PBXFrameworksBuildPhase;
			buildActionMask = 2147483647;
			files = (
				9192FA741963BFBA00A01232 /* XCTest.framework in Frameworks */,
				9192FA761963BFBA00A01232 /* UIKit.framework in Frameworks */,
				9192FA751963BFBA00A01232 /* Foundation.framework in Frameworks */,
			);
			runOnlyForDeploymentPostprocessing = 0;
		};
/* End PBXFrameworksBuildPhase section */

/* Begin PBXGroup section */
		915FE478199E7ADA0061BF75 /* ClassImages  */ = {
			isa = PBXGroup;
			children = (
				915FE4A5199E84AE0061BF75 /* TJM.png */,
				915FE4A3199E84140061BF75 /* SR.png */,
				915FE4A1199E83D00061BF75 /* JF.png */,
				915FE49F199E83930061BF75 /* JY.png */,
				915FE49D199E83420061BF75 /* JO.png */,
				915FE49B199E82FC0061BF75 /* JM.png */,
				915FE499199E82A60061BF75 /* ED.png */,
				915FE497199E82220061BF75 /* AT.png */,
				915FE495199E7F030061BF75 /* AJ.png */,
				915FE493199E7E710061BF75 /* AH.png */,
				915FE489199E7B2F0061BF75 /* John.png */,
				915FE48A199E7B2F0061BF75 /* Savitha.png */,
				915FE48B199E7B2F0061BF75 /* Ashby.png */,
				915FE48C199E7B2F0061BF75 /* Jeffery.png */,
				915FE48D199E7B2F0061BF75 /* Ali.png */,
				915FE483199E7B250061BF75 /* Austin.jpeg */,
				915FE484199E7B250061BF75 /* TJ.png */,
				915FE485199E7B250061BF75 /* Derek.png */,
				915FE47B199E7B180061BF75 /* Jon.png */,
				915FE47C199E7B180061BF75 /* Jisha.png */,
				915FE47D199E7B180061BF75 /* Austen.png */,
				915FE47E199E7B180061BF75 /* Heidi.png */,
				915FE479199E7B0A0061BF75 /* ED.jpeg */,
			);
			name = "ClassImages ";
			sourceTree = "<group>";
		};
		9192FA4E1963BFBA00A01232 = {
			isa = PBXGroup;
			children = (
				919FA5CF19A5107C008EE67E /* menu.png */,
				91BB986F19A441100072139E /* MMRBackVC.h */,
				91BB987019A441100072139E /* MMRBackVC.m */,
				91BB986C19A440F40072139E /* MMRFrontVC.h */,
				91BB986D19A440F40072139E /* MMRFrontVC.m */,
				91BB986919A424D00072139E /* MMR.h */,
				91BB986A19A424D00072139E /* MMR.m */,
				915FE478199E7ADA0061BF75 /* ClassImages  */,
				91B6D2C61999C9B800921C7A /* STASingleton.h */,
				91B6D2C71999C9C200921C7A /* STASingleton.m */,
				91A315E6196B164C0087376B /* MMRDecoration.h */,
				91A315E7196B164C0087376B /* MMRDecoration.m */,
				91A315E3196B037B0087376B /* MMRCell.h */,
				91A315E4196B037B0087376B /* MMRCell.m */,
				91A315E2196B034F0087376B /* Images */,
				91C9F9B41967898C00B62C5B /* MMRViewControllerVC.h */,
				91C9F9B51967898C00B62C5B /* MMRViewControllerVC.m */,
				9192FAD5196510A200A01232 /* MMRViewController.h */,
				9192FAD6196510A200A01232 /* MMRViewController.m */,
				9192FA891963BFE300A01232 /* MMRChildViewController.h */,
				9192FA8A1963BFE300A01232 /* MMRChildViewController.m */,
				9192FA601963BFBA00A01232 /* Memories */,
				9192FA791963BFBA00A01232 /* MemoriesTests */,
				9192FA591963BFBA00A01232 /* Frameworks */,
				9192FA581963BFBA00A01232 /* Products */,
			);
			sourceTree = "<group>";
		};
		9192FA581963BFBA00A01232 /* Products */ = {
			isa = PBXGroup;
			children = (
				9192FA571963BFBA00A01232 /* Memories.app */,
				9192FA721963BFBA00A01232 /* MemoriesTests.xctest */,
			);
			name = Products;
			sourceTree = "<group>";
		};
		9192FA591963BFBA00A01232 /* Frameworks */ = {
			isa = PBXGroup;
			children = (
				915FE4A8199EDD0F0061BF75 /* StoreKit.framework */,
				9192FA5A1963BFBA00A01232 /* Foundation.framework */,
				9192FA5C1963BFBA00A01232 /* CoreGraphics.framework */,
				9192FA5E1963BFBA00A01232 /* UIKit.framework */,
				9192FA731963BFBA00A01232 /* XCTest.framework */,
			);
			name = Frameworks;
			sourceTree = "<group>";
		};
		9192FA601963BFBA00A01232 /* Memories */ = {
			isa = PBXGroup;
			children = (
				9192FA691963BFBA00A01232 /* MMRAppDelegate.h */,
				9192FA6A1963BFBA00A01232 /* MMRAppDelegate.m */,
				9192FA6C1963BFBA00A01232 /* Images.xcassets */,
				9192FA611963BFBA00A01232 /* Supporting Files */,
			);
			path = Memories;
			sourceTree = "<group>";
		};
		9192FA611963BFBA00A01232 /* Supporting Files */ = {
			isa = PBXGroup;
			children = (
				9192FA621963BFBA00A01232 /* Memories-Info.plist */,
				9192FA631963BFBA00A01232 /* InfoPlist.strings */,
				9192FA661963BFBA00A01232 /* main.m */,
				9192FA681963BFBA00A01232 /* Memories-Prefix.pch */,
			);
			name = "Supporting Files";
			sourceTree = "<group>";
		};
		9192FA791963BFBA00A01232 /* MemoriesTests */ = {
			isa = PBXGroup;
			children = (
				9192FA7F1963BFBA00A01232 /* MemoriesTests.m */,
				9192FA7A1963BFBA00A01232 /* Supporting Files */,
			);
			path = MemoriesTests;
			sourceTree = "<group>";
		};
		9192FA7A1963BFBA00A01232 /* Supporting Files */ = {
			isa = PBXGroup;
			children = (
				9192FA7B1963BFBA00A01232 /* MemoriesTests-Info.plist */,
				9192FA7C1963BFBA00A01232 /* InfoPlist.strings */,
			);
			name = "Supporting Files";
			sourceTree = "<group>";
		};
		91A315E2196B034F0087376B /* Images */ = {
			isa = PBXGroup;
			children = (
				91BB987819A457C20072139E /* arrow.png */,
				91BB987619A457A30072139E /* backArrow.png */,
				91BB987419A44C670072139E /* arrowl.png */,
				91BB987219A44C620072139E /* arrowr.png */,
				91A315E0196AE6C00087376B /* Unknown-3.jpeg */,
				91A315DE196AE6B90087376B /* Unknown-5.jpeg */,
				91A315DC196AE6B20087376B /* Unknown-7.jpeg */,
				91A315DA196AE6AB0087376B /* Unknown-6.jpeg */,
				91A315D8196AE69E0087376B /* images-5.jpeg */,
				91A315D6196AE6980087376B /* images-4.jpeg */,
				91A315D4196AE68D0087376B /* Unknown.jpeg */,
				91A315D2196AE6860087376B /* Unknown-1.jpeg */,
				91A315D0196AE67C0087376B /* Unknown-2.jpeg */,
				91A315CE196AE6730087376B /* Unknown-4.jpeg */,
				91A315CC196AE6690087376B /* images-3.jpeg */,
				91A315CA196AE65E0087376B /* images-2.jpeg */,
				91A315C8196AE6590087376B /* images-1.jpeg */,
				91A315C6196AE4630087376B /* apple-128.png */,
				91A315C4196AE4530087376B /* images.jpeg */,
				91C9F9B71967B46F00B62C5B /* background.jpg */,
			);
			name = Images;
			sourceTree = "<group>";
		};
/* End PBXGroup section */

/* Begin PBXNativeTarget section */
		9192FA561963BFBA00A01232 /* Memories */ = {
			isa = PBXNativeTarget;
			buildConfigurationList = 9192FA831963BFBA00A01232 /* Build configuration list for PBXNativeTarget "Memories" */;
			buildPhases = (
				9192FA531963BFBA00A01232 /* Sources */,
				9192FA541963BFBA00A01232 /* Frameworks */,
				9192FA551963BFBA00A01232 /* Resources */,
			);
			buildRules = (
			);
			dependencies = (
			);
			name = Memories;
			productName = Memories;
			productReference = 9192FA571963BFBA00A01232 /* Memories.app */;
			productType = "com.apple.product-type.application";
		};
		9192FA711963BFBA00A01232 /* MemoriesTests */ = {
			isa = PBXNativeTarget;
			buildConfigurationList = 9192FA861963BFBA00A01232 /* Build configuration list for PBXNativeTarget "MemoriesTests" */;
			buildPhases = (
				9192FA6E1963BFBA00A01232 /* Sources */,
				9192FA6F1963BFBA00A01232 /* Frameworks */,
				9192FA701963BFBA00A01232 /* Resources */,
			);
			buildRules = (
			);
			dependencies = (
				9192FA781963BFBA00A01232 /* PBXTargetDependency */,
			);
			name = MemoriesTests;
			productName = MemoriesTests;
			productReference = 9192FA721963BFBA00A01232 /* MemoriesTests.xctest */;
			productType = "com.apple.product-type.bundle.unit-test";
		};
/* End PBXNativeTarget section */

/* Begin PBXProject section */
		9192FA4F1963BFBA00A01232 /* Project object */ = {
			isa = PBXProject;
			attributes = {
				CLASSPREFIX = MMR;
				LastUpgradeCheck = 0510;
				ORGANIZATIONNAME = Savitha;
				TargetAttributes = {
					9192FA711963BFBA00A01232 = {
						TestTargetID = 9192FA561963BFBA00A01232;
					};
				};
			};
			buildConfigurationList = 9192FA521963BFBA00A01232 /* Build configuration list for PBXProject "Memories" */;
			compatibilityVersion = "Xcode 3.2";
			developmentRegion = English;
			hasScannedForEncodings = 0;
			knownRegions = (
				en,
			);
			mainGroup = 9192FA4E1963BFBA00A01232;
			productRefGroup = 9192FA581963BFBA00A01232 /* Products */;
			projectDirPath = "";
			projectRoot = "";
			targets = (
				9192FA561963BFBA00A01232 /* Memories */,
				9192FA711963BFBA00A01232 /* MemoriesTests */,
			);
		};
/* End PBXProject section */

/* Begin PBXResourcesBuildPhase section */
		9192FA551963BFBA00A01232 /* Resources */ = {
			isa = PBXResourcesBuildPhase;
			buildActionMask = 2147483647;
			files = (
				91BB987719A457A30072139E /* backArrow.png in Resources */,
				915FE49E199E83420061BF75 /* JO.png in Resources */,
				919FA5D019A5107C008EE67E /* menu.png in Resources */,
				915FE48E199E7B2F0061BF75 /* John.png in Resources */,
				915FE491199E7B2F0061BF75 /* Jeffery.png in Resources */,
				915FE494199E7E710061BF75 /* AH.png in Resources */,
				91A315CB196AE65E0087376B /* images-2.jpeg in Resources */,
				915FE49C199E82FC0061BF75 /* JM.png in Resources */,
				915FE498199E82220061BF75 /* AT.png in Resources */,
				915FE49A199E82A60061BF75 /* ED.png in Resources */,
				915FE4A6199E84AE0061BF75 /* TJM.png in Resources */,
				91A315D9196AE69E0087376B /* images-5.jpeg in Resources */,
				91C9F9B81967B46F00B62C5B /* background.jpg in Resources */,
				915FE47A199E7B0A0061BF75 /* ED.jpeg in Resources */,
				91BB987919A457C20072139E /* arrow.png in Resources */,
				91A315CF196AE6730087376B /* Unknown-4.jpeg in Resources */,
				91A315D1196AE67C0087376B /* Unknown-2.jpeg in Resources */,
				91A315C9196AE6590087376B /* images-1.jpeg in Resources */,
				915FE488199E7B250061BF75 /* Derek.png in Resources */,
				915FE492199E7B2F0061BF75 /* Ali.png in Resources */,
				915FE480199E7B180061BF75 /* Jisha.png in Resources */,
				91BB987319A44C620072139E /* arrowr.png in Resources */,
				915FE482199E7B180061BF75 /* Heidi.png in Resources */,
				91A315DD196AE6B20087376B /* Unknown-7.jpeg in Resources */,
				91A315DF196AE6B90087376B /* Unknown-5.jpeg in Resources */,
				915FE4A0199E83930061BF75 /* JY.png in Resources */,
				91A315C5196AE4530087376B /* images.jpeg in Resources */,
				915FE48F199E7B2F0061BF75 /* Savitha.png in Resources */,
				9192FA651963BFBA00A01232 /* InfoPlist.strings in Resources */,
				915FE496199E7F030061BF75 /* AJ.png in Resources */,
				91A315E1196AE6C00087376B /* Unknown-3.jpeg in Resources */,
				915FE4A2199E83D00061BF75 /* JF.png in Resources */,
				91A315C7196AE4630087376B /* apple-128.png in Resources */,
				915FE487199E7B250061BF75 /* TJ.png in Resources */,
				915FE47F199E7B180061BF75 /* Jon.png in Resources */,
				915FE4A4199E84140061BF75 /* SR.png in Resources */,
				91A315D5196AE68D0087376B /* Unknown.jpeg in Resources */,
				91A315D3196AE6860087376B /* Unknown-1.jpeg in Resources */,
				915FE490199E7B2F0061BF75 /* Ashby.png in Resources */,
				9192FA6D1963BFBA00A01232 /* Images.xcassets in Resources */,
				915FE486199E7B250061BF75 /* Austin.jpeg in Resources */,
				91A315CD196AE6690087376B /* images-3.jpeg in Resources */,
				91A315DB196AE6AB0087376B /* Unknown-6.jpeg in Resources */,
				91A315D7196AE6980087376B /* images-4.jpeg in Resources */,
				91BB987519A44C670072139E /* arrowl.png in Resources */,
				915FE481199E7B180061BF75 /* Austen.png in Resources */,
			);
			runOnlyForDeploymentPostprocessing = 0;
		};
		9192FA701963BFBA00A01232 /* Resources */ = {
			isa = PBXResourcesBuildPhase;
			buildActionMask = 2147483647;
			files = (
				9192FA7E1963BFBA00A01232 /* InfoPlist.strings in Resources */,
			);
			runOnlyForDeploymentPostprocessing = 0;
		};
/* End PBXResourcesBuildPhase section */

/* Begin PBXSourcesBuildPhase section */
		9192FA531963BFBA00A01232 /* Sources */ = {
			isa = PBXSourcesBuildPhase;
			buildActionMask = 2147483647;
			files = (
				9192FA671963BFBA00A01232 /* main.m in Sources */,
				91A315E8196B164C0087376B /* MMRDecoration.m in Sources */,
				91C9F9B61967898C00B62C5B /* MMRViewControllerVC.m in Sources */,
				9192FA6B1963BFBA00A01232 /* MMRAppDelegate.m in Sources */,
				91B6D2C81999C9C200921C7A /* STASingleton.m in Sources */,
				91BB987119A441100072139E /* MMRBackVC.m in Sources */,
				9192FAD7196510A200A01232 /* MMRViewController.m in Sources */,
				91BB986B19A424D00072139E /* MMR.m in Sources */,
				91A315E5196B037B0087376B /* MMRCell.m in Sources */,
				9192FA8B1963BFE300A01232 /* MMRChildViewController.m in Sources */,
				91BB986E19A440F40072139E /* MMRFrontVC.m in Sources */,
			);
			runOnlyForDeploymentPostprocessing = 0;
		};
		9192FA6E1963BFBA00A01232 /* Sources */ = {
			isa = PBXSourcesBuildPhase;
			buildActionMask = 2147483647;
			files = (
				9192FA801963BFBA00A01232 /* MemoriesTests.m in Sources */,
			);
			runOnlyForDeploymentPostprocessing = 0;
		};
/* End PBXSourcesBuildPhase section */

/* Begin PBXTargetDependency section */
		9192FA781963BFBA00A01232 /* PBXTargetDependency */ = {
			isa = PBXTargetDependency;
			target = 9192FA561963BFBA00A01232 /* Memories */;
			targetProxy = 9192FA771963BFBA00A01232 /* PBXContainerItemProxy */;
		};
/* End PBXTargetDependency section */

/* Begin PBXVariantGroup section */
		9192FA631963BFBA00A01232 /* InfoPlist.strings */ = {
			isa = PBXVariantGroup;
			children = (
				9192FA641963BFBA00A01232 /* en */,
			);
			name = InfoPlist.strings;
			sourceTree = "<group>";
		};
		9192FA7C1963BFBA00A01232 /* InfoPlist.strings */ = {
			isa = PBXVariantGroup;
			children = (
				9192FA7D1963BFBA00A01232 /* en */,
			);
			name = InfoPlist.strings;
			sourceTree = "<group>";
		};
/* End PBXVariantGroup section */

/* Begin XCBuildConfiguration section */
		9192FA811963BFBA00A01232 /* Debug */ = {
			isa = XCBuildConfiguration;
			buildSettings = {
				ALWAYS_SEARCH_USER_PATHS = NO;
				CLANG_CXX_LANGUAGE_STANDARD = "gnu++0x";
				CLANG_CXX_LIBRARY = "libc++";
				CLANG_ENABLE_MODULES = YES;
				CLANG_ENABLE_OBJC_ARC = YES;
				CLANG_WARN_BOOL_CONVERSION = YES;
				CLANG_WARN_CONSTANT_CONVERSION = YES;
				CLANG_WARN_DIRECT_OBJC_ISA_USAGE = YES_ERROR;
				CLANG_WARN_EMPTY_BODY = YES;
				CLANG_WARN_ENUM_CONVERSION = YES;
				CLANG_WARN_INT_CONVERSION = YES;
				CLANG_WARN_OBJC_ROOT_CLASS = YES_ERROR;
				CLANG_WARN__DUPLICATE_METHOD_MATCH = YES;
				"CODE_SIGN_IDENTITY[sdk=iphoneos*]" = "iPhone Developer";
				COPY_PHASE_STRIP = NO;
				GCC_C_LANGUAGE_STANDARD = gnu99;
				GCC_DYNAMIC_NO_PIC = NO;
				GCC_OPTIMIZATION_LEVEL = 0;
				GCC_PREPROCESSOR_DEFINITIONS = (
					"DEBUG=1",
					"$(inherited)",
				);
				GCC_SYMBOLS_PRIVATE_EXTERN = NO;
				GCC_WARN_64_TO_32_BIT_CONVERSION = YES;
				GCC_WARN_ABOUT_RETURN_TYPE = YES_ERROR;
				GCC_WARN_UNDECLARED_SELECTOR = YES;
				GCC_WARN_UNINITIALIZED_AUTOS = YES_AGGRESSIVE;
				GCC_WARN_UNUSED_FUNCTION = YES;
				GCC_WARN_UNUSED_VARIABLE = YES;
				IPHONEOS_DEPLOYMENT_TARGET = 7.1;
				ONLY_ACTIVE_ARCH = YES;
				SDKROOT = iphoneos;
			};
			name = Debug;
		};
		9192FA821963BFBA00A01232 /* Release */ = {
			isa = XCBuildConfiguration;
			buildSettings = {
				ALWAYS_SEARCH_USER_PATHS = NO;
				CLANG_CXX_LANGUAGE_STANDARD = "gnu++0x";
				CLANG_CXX_LIBRARY = "libc++";
				CLANG_ENABLE_MODULES = YES;
				CLANG_ENABLE_OBJC_ARC = YES;
				CLANG_WARN_BOOL_CONVERSION = YES;
				CLANG_WARN_CONSTANT_CONVERSION = YES;
				CLANG_WARN_DIRECT_OBJC_ISA_USAGE = YES_ERROR;
				CLANG_WARN_EMPTY_BODY = YES;
				CLANG_WARN_ENUM_CONVERSION = YES;
				CLANG_WARN_INT_CONVERSION = YES;
				CLANG_WARN_OBJC_ROOT_CLASS = YES_ERROR;
				CLANG_WARN__DUPLICATE_METHOD_MATCH = YES;
				"CODE_SIGN_IDENTITY[sdk=iphoneos*]" = "iPhone Developer";
				COPY_PHASE_STRIP = YES;
				ENABLE_NS_ASSERTIONS = NO;
				GCC_C_LANGUAGE_STANDARD = gnu99;
				GCC_WARN_64_TO_32_BIT_CONVERSION = YES;
				GCC_WARN_ABOUT_RETURN_TYPE = YES_ERROR;
				GCC_WARN_UNDECLARED_SELECTOR = YES;
				GCC_WARN_UNINITIALIZED_AUTOS = YES_AGGRESSIVE;
				GCC_WARN_UNUSED_FUNCTION = YES;
				GCC_WARN_UNUSED_VARIABLE = YES;
				IPHONEOS_DEPLOYMENT_TARGET = 7.1;
				SDKROOT = iphoneos;
				VALIDATE_PRODUCT = YES;
			};
			name = Release;
		};
		9192FA841963BFBA00A01232 /* Debug */ = {
			isa = XCBuildConfiguration;
			buildSettings = {
				ASSETCATALOG_COMPILER_APPICON_NAME = AppIcon;
				ASSETCATALOG_COMPILER_LAUNCHIMAGE_NAME = LaunchImage;
				GCC_PRECOMPILE_PREFIX_HEADER = YES;
				GCC_PREFIX_HEADER = "Memories/Memories-Prefix.pch";
				INFOPLIST_FILE = "Memories/Memories-Info.plist";
				IPHONEOS_DEPLOYMENT_TARGET = 7.1;
				PRODUCT_NAME = "$(TARGET_NAME)";
				TARGETED_DEVICE_FAMILY = "1,2";
				WRAPPER_EXTENSION = app;
			};
			name = Debug;
		};
		9192FA851963BFBA00A01232 /* Release */ = {
			isa = XCBuildConfiguration;
			buildSettings = {
				ASSETCATALOG_COMPILER_APPICON_NAME = AppIcon;
				ASSETCATALOG_COMPILER_LAUNCHIMAGE_NAME = LaunchImage;
				GCC_PRECOMPILE_PREFIX_HEADER = YES;
				GCC_PREFIX_HEADER = "Memories/Memories-Prefix.pch";
				INFOPLIST_FILE = "Memories/Memories-Info.plist";
				IPHONEOS_DEPLOYMENT_TARGET = 7.1;
				PRODUCT_NAME = "$(TARGET_NAME)";
				TARGETED_DEVICE_FAMILY = "1,2";
				WRAPPER_EXTENSION = app;
			};
			name = Release;
		};
		9192FA871963BFBA00A01232 /* Debug */ = {
			isa = XCBuildConfiguration;
			buildSettings = {
				BUNDLE_LOADER = "$(BUILT_PRODUCTS_DIR)/Memories.app/Memories";
				FRAMEWORK_SEARCH_PATHS = (
					"$(SDKROOT)/Developer/Library/Frameworks",
					"$(inherited)",
					"$(DEVELOPER_FRAMEWORKS_DIR)",
				);
				GCC_PRECOMPILE_PREFIX_HEADER = YES;
				GCC_PREFIX_HEADER = "Memories/Memories-Prefix.pch";
				GCC_PREPROCESSOR_DEFINITIONS = (
					"DEBUG=1",
					"$(inherited)",
				);
				INFOPLIST_FILE = "MemoriesTests/MemoriesTests-Info.plist";
				PRODUCT_NAME = "$(TARGET_NAME)";
				TEST_HOST = "$(BUNDLE_LOADER)";
				WRAPPER_EXTENSION = xctest;
			};
			name = Debug;
		};
		9192FA881963BFBA00A01232 /* Release */ = {
			isa = XCBuildConfiguration;
			buildSettings = {
				BUNDLE_LOADER = "$(BUILT_PRODUCTS_DIR)/Memories.app/Memories";
				FRAMEWORK_SEARCH_PATHS = (
					"$(SDKROOT)/Developer/Library/Frameworks",
					"$(inherited)",
					"$(DEVELOPER_FRAMEWORKS_DIR)",
				);
				GCC_PRECOMPILE_PREFIX_HEADER = YES;
				GCC_PREFIX_HEADER = "Memories/Memories-Prefix.pch";
				INFOPLIST_FILE = "MemoriesTests/MemoriesTests-Info.plist";
				PRODUCT_NAME = "$(TARGET_NAME)";
				TEST_HOST = "$(BUNDLE_LOADER)";
				WRAPPER_EXTENSION = xctest;
			};
			name = Release;
		};
/* End XCBuildConfiguration section */

/* Begin XCConfigurationList section */
		9192FA521963BFBA00A01232 /* Build configuration list for PBXProject "Memories" */ = {
			isa = XCConfigurationList;
			buildConfigurations = (
				9192FA811963BFBA00A01232 /* Debug */,
				9192FA821963BFBA00A01232 /* Release */,
			);
			defaultConfigurationIsVisible = 0;
			defaultConfigurationName = Release;
		};
		9192FA831963BFBA00A01232 /* Build configuration list for PBXNativeTarget "Memories" */ = {
			isa = XCConfigurationList;
			buildConfigurations = (
				9192FA841963BFBA00A01232 /* Debug */,
				9192FA851963BFBA00A01232 /* Release */,
			);
			defaultConfigurationIsVisible = 0;
			defaultConfigurationName = Release;
		};
		9192FA861963BFBA00A01232 /* Build configuration list for PBXNativeTarget "MemoriesTests" */ = {
			isa = XCConfigurationList;
			buildConfigurations = (
				9192FA871963BFBA00A01232 /* Debug */,
				9192FA881963BFBA00A01232 /* Release */,
			);
			defaultConfigurationIsVisible = 0;
			defaultConfigurationName = Release;
		};
/* End XCConfigurationList section */
	};
	rootObject = 9192FA4F1963BFBA00A01232 /* Project object */;
}
